
Microsoft Visual Studio Solution File, Format Version 12.00
# Visual Studio Version 16
VisualStudioVersion = 16.0.29418.71
MinimumVisualStudioVersion = 10.0.40219.1
Project("{2150E333-8FDC-42A3-9474-1A3956D46DE8}") = "src", "src", "{E496BE36-B886-457A-9E39-1B87A0314FF0}"
EndProject
Project("{2150E333-8FDC-42A3-9474-1A3956D46DE8}") = "test", "test", "{A3D9E071-BF78-400A-A42C-A66CB018D673}"
EndProject
Project("{2150E333-8FDC-42A3-9474-1A3956D46DE8}") = "Application", "Application", "{F76FF0F6-5F38-47BF-8882-D9A7F516FC57}"
EndProject
Project("{2150E333-8FDC-42A3-9474-1A3956D46DE8}") = "Domain", "Domain", "{81C1C0B8-51C9-4BB5-B2FE-2D12DE78195A}"
EndProject
Project("{2150E333-8FDC-42A3-9474-1A3956D46DE8}") = "Infrastructure", "Infrastructure", "{3BE494C6-6986-4994-84A3-6C1CF4FE28B2}"
EndProject
Project("{9A19103F-16F7-4668-BE54-9A1E7A4F7556}") = "Entities", "src\Domain\Entities\Entities.csproj", "{DB10003A-48E0-445C-8ABC-49FC62FE1449}"
EndProject
Project("{9A19103F-16F7-4668-BE54-9A1E7A4F7556}") = "Core", "src\Application\Core\Core.csproj", "{410D9115-42E6-4307-9F66-76156955CA28}"
EndProject
Project("{9A19103F-16F7-4668-BE54-9A1E7A4F7556}") = "Persistence.MSSQL", "src\Infrastructure\Persistence.MSSQL\Persistence.MSSQL.csproj", "{4D6172CE-FB94-4996-B4D7-5B03FD31FDA1}"
EndProject
Project("{9A19103F-16F7-4668-BE54-9A1E7A4F7556}") = "Persistence", "src\Infrastructure\Persistence\Persistence.csproj", "{6098BD5F-A6D4-4E6E-948D-AC5271A0CACA}"
EndProject
Project("{9A19103F-16F7-4668-BE54-9A1E7A4F7556}") = "WabApi", "src\WabApi\WabApi.csproj", "{6ED0DD0D-7967-45AB-920A-C63347897377}"
EndProject
Project("{9A19103F-16F7-4668-BE54-9A1E7A4F7556}") = "Application.UnitTests", "test\Application.UnitTests\Application.UnitTests.csproj", "{BF079281-725C-44B7-8CBB-F39A4DE4D2B6}"
EndProject
Project("{2150E333-8FDC-42A3-9474-1A3956D46DE8}") = "docs", "docs", "{2D1234C7-0017-4D52-86FE-3F68244CB05F}"
	ProjectSection(SolutionItems) = preProject
		C:\Users\berka\OneDrive\Masaüstü\CleanArchitecture.pptx = C:\Users\berka\OneDrive\Masaüstü\CleanArchitecture.pptx
		README.md = README.md
	EndProjectSection
EndProject
Global
	GlobalSection(SolutionConfigurationPlatforms) = preSolution
		Debug|Any CPU = Debug|Any CPU
		Release|Any CPU = Release|Any CPU
	EndGlobalSection
	GlobalSection(ProjectConfigurationPlatforms) = postSolution
		{DB10003A-48E0-445C-8ABC-49FC62FE1449}.Debug|Any CPU.ActiveCfg = Debug|Any CPU
		{DB10003A-48E0-445C-8ABC-49FC62FE1449}.Debug|Any CPU.Build.0 = Debug|Any CPU
		{DB10003A-48E0-445C-8ABC-49FC62FE1449}.Release|Any CPU.ActiveCfg = Release|Any CPU
		{DB10003A-48E0-445C-8ABC-49FC62FE1449}.Release|Any CPU.Build.0 = Release|Any CPU
		{410D9115-42E6-4307-9F66-76156955CA28}.Debug|Any CPU.ActiveCfg = Debug|Any CPU
		{410D9115-42E6-4307-9F66-76156955CA28}.Debug|Any CPU.Build.0 = Debug|Any CPU
		{410D9115-42E6-4307-9F66-76156955CA28}.Release|Any CPU.ActiveCfg = Release|Any CPU
		{410D9115-42E6-4307-9F66-76156955CA28}.Release|Any CPU.Build.0 = Release|Any CPU
		{4D6172CE-FB94-4996-B4D7-5B03FD31FDA1}.Debug|Any CPU.ActiveCfg = Debug|Any CPU
		{4D6172CE-FB94-4996-B4D7-5B03FD31FDA1}.Debug|Any CPU.Build.0 = Debug|Any CPU
		{4D6172CE-FB94-4996-B4D7-5B03FD31FDA1}.Release|Any CPU.ActiveCfg = Release|Any CPU
		{4D6172CE-FB94-4996-B4D7-5B03FD31FDA1}.Release|Any CPU.Build.0 = Release|Any CPU
		{6098BD5F-A6D4-4E6E-948D-AC5271A0CACA}.Debug|Any CPU.ActiveCfg = Debug|Any CPU
		{6098BD5F-A6D4-4E6E-948D-AC5271A0CACA}.Debug|Any CPU.Build.0 = Debug|Any CPU
		{6098BD5F-A6D4-4E6E-948D-AC5271A0CACA}.Release|Any CPU.ActiveCfg = Release|Any CPU
		{6098BD5F-A6D4-4E6E-948D-AC5271A0CACA}.Release|Any CPU.Build.0 = Release|Any CPU
		{6ED0DD0D-7967-45AB-920A-C63347897377}.Debug|Any CPU.ActiveCfg = Debug|Any CPU
		{6ED0DD0D-7967-45AB-920A-C63347897377}.Debug|Any CPU.Build.0 = Debug|Any CPU
		{6ED0DD0D-7967-45AB-920A-C63347897377}.Release|Any CPU.ActiveCfg = Release|Any CPU
		{6ED0DD0D-7967-45AB-920A-C63347897377}.Release|Any CPU.Build.0 = Release|Any CPU
		{BF079281-725C-44B7-8CBB-F39A4DE4D2B6}.Debug|Any CPU.ActiveCfg = Debug|Any CPU
		{BF079281-725C-44B7-8CBB-F39A4DE4D2B6}.Debug|Any CPU.Build.0 = Debug|Any CPU
		{BF079281-725C-44B7-8CBB-F39A4DE4D2B6}.Release|Any CPU.ActiveCfg = Release|Any CPU
		{BF079281-725C-44B7-8CBB-F39A4DE4D2B6}.Release|Any CPU.Build.0 = Release|Any CPU
	EndGlobalSection
	GlobalSection(SolutionProperties) = preSolution
		HideSolutionNode = FALSE
	EndGlobalSection
	GlobalSection(NestedProjects) = preSolution
		{F76FF0F6-5F38-47BF-8882-D9A7F516FC57} = {E496BE36-B886-457A-9E39-1B87A0314FF0}
		{81C1C0B8-51C9-4BB5-B2FE-2D12DE78195A} = {E496BE36-B886-457A-9E39-1B87A0314FF0}
		{3BE494C6-6986-4994-84A3-6C1CF4FE28B2} = {E496BE36-B886-457A-9E39-1B87A0314FF0}
		{DB10003A-48E0-445C-8ABC-49FC62FE1449} = {81C1C0B8-51C9-4BB5-B2FE-2D12DE78195A}
		{410D9115-42E6-4307-9F66-76156955CA28} = {F76FF0F6-5F38-47BF-8882-D9A7F516FC57}
		{4D6172CE-FB94-4996-B4D7-5B03FD31FDA1} = {3BE494C6-6986-4994-84A3-6C1CF4FE28B2}
		{6098BD5F-A6D4-4E6E-948D-AC5271A0CACA} = {3BE494C6-6986-4994-84A3-6C1CF4FE28B2}
		{6ED0DD0D-7967-45AB-920A-C63347897377} = {E496BE36-B886-457A-9E39-1B87A0314FF0}
		{BF079281-725C-44B7-8CBB-F39A4DE4D2B6} = {A3D9E071-BF78-400A-A42C-A66CB018D673}
	EndGlobalSection
	GlobalSection(ExtensibilityGlobals) = postSolution
		SolutionGuid = {A86906BA-9718-4DEE-AB36-3311232B30E0}
	EndGlobalSection
EndGlobal
